
Microsoft Visual Studio Solution File, Format Version 12.00
# Visual Studio Version 17
VisualStudioVersion = 17.9.34622.214
MinimumVisualStudioVersion = 10.0.40219.1
Project("{FAE04EC0-301F-11D3-BF4B-00C04F79EFBC}") = "EmployeeApplication", "EmployeeApplication\EmployeeApplication.csproj", "{BEC13D80-2F38-4384-87F8-7A8CC646910C}"
EndProject
Global
	GlobalSection(SolutionConfigurationPlatforms) = preSolution
		Debug|Any CPU = Debug|Any CPU
		Release|Any CPU = Release|Any CPU
	EndGlobalSection
	GlobalSection(ProjectConfigurationPlatforms) = postSolution
		{BEC13D80-2F38-4384-87F8-7A8CC646910C}.Debug|Any CPU.ActiveCfg = Debug|Any CPU
		{BEC13D80-2F38-4384-87F8-7A8CC646910C}.Debug|Any CPU.Build.0 = Debug|Any CPU
		{BEC13D80-2F38-4384-87F8-7A8CC646910C}.Release|Any CPU.ActiveCfg = Release|Any CPU
		{BEC13D80-2F38-4384-87F8-7A8CC646910C}.Release|Any CPU.Build.0 = Release|Any CPU
	EndGlobalSection
	GlobalSection(SolutionProperties) = preSolution
		HideSolutionNode = FALSE
	EndGlobalSection
	GlobalSection(ExtensibilityGlobals) = postSolution
		SolutionGuid = {0280C878-E5E1-42BF-B1D9-73C74E9C8FCD}
	EndGlobalSection
EndGlobal
